
Microsoft Visual Studio Solution File, Format Version 12.00
# Visual Studio Version 16
VisualStudioVersion = 16.0.30907.101
MinimumVisualStudioVersion = 10.0.40219.1
Project("{9A19103F-16F7-4668-BE54-9A1E7A4F7556}") = "HttpClientFactoryTutorial", "HttpClientFactoryTutorial\HttpClientFactoryTutorial.csproj", "{E99100C8-133D-41D2-8946-F5CB15739471}"
EndProject
Project("{FAE04EC0-301F-11D3-BF4B-00C04F79EFBC}") = "Clients", "Clients\Clients.csproj", "{9BE1E508-87BA-4374-9DEE-25CB0EEEA962}"
EndProject
Global
	GlobalSection(SolutionConfigurationPlatforms) = preSolution
		Debug|Any CPU = Debug|Any CPU
		Release|Any CPU = Release|Any CPU
	EndGlobalSection
	GlobalSection(ProjectConfigurationPlatforms) = postSolution
		{E99100C8-133D-41D2-8946-F5CB15739471}.Debug|Any CPU.ActiveCfg = Debug|Any CPU
		{E99100C8-133D-41D2-8946-F5CB15739471}.Debug|Any CPU.Build.0 = Debug|Any CPU
		{E99100C8-133D-41D2-8946-F5CB15739471}.Release|Any CPU.ActiveCfg = Release|Any CPU
		{E99100C8-133D-41D2-8946-F5CB15739471}.Release|Any CPU.Build.0 = Release|Any CPU
		{9BE1E508-87BA-4374-9DEE-25CB0EEEA962}.Debug|Any CPU.ActiveCfg = Debug|Any CPU
		{9BE1E508-87BA-4374-9DEE-25CB0EEEA962}.Debug|Any CPU.Build.0 = Debug|Any CPU
		{9BE1E508-87BA-4374-9DEE-25CB0EEEA962}.Release|Any CPU.ActiveCfg = Release|Any CPU
		{9BE1E508-87BA-4374-9DEE-25CB0EEEA962}.Release|Any CPU.Build.0 = Release|Any CPU
	EndGlobalSection
	GlobalSection(SolutionProperties) = preSolution
		HideSolutionNode = FALSE
	EndGlobalSection
	GlobalSection(ExtensibilityGlobals) = postSolution
		SolutionGuid = {A459F570-1A18-43F2-9FA5-5584719B9F8F}
	EndGlobalSection
EndGlobal
